
Microsoft Visual Studio Solution File, Format Version 12.00
# Visual Studio Version 16
VisualStudioVersion = 16.0.30320.27
MinimumVisualStudioVersion = 10.0.40219.1
Project("{8BC9CEB8-8B4A-11D0-8D11-00A0C91BC942}") = "AsyncChannels", "AsyncChannels\AsyncChannels.vcxproj", "{57383CFE-5207-4CCC-9203-413CA22598AA}"
EndProject
Project("{8BC9CEB8-8B4A-11D0-8D11-00A0C91BC942}") = "LightSwitch", "LightSwitch\LightSwitch.vcxproj", "{D56CA22C-BE90-4119-984F-266BEA74640D}"
EndProject
Project("{8BC9CEB8-8B4A-11D0-8D11-00A0C91BC942}") = "LightBulb", "LightBulb\LightBulb.vcxproj", "{4923C84F-E658-4F40-805F-FA1FE6CDBCC6}"
EndProject
Global
	GlobalSection(SolutionConfigurationPlatforms) = preSolution
		Debug|x64 = Debug|x64
		Debug|x86 = Debug|x86
		Release|x64 = Release|x64
		Release|x86 = Release|x86
	EndGlobalSection
	GlobalSection(ProjectConfigurationPlatforms) = postSolution
		{57383CFE-5207-4CCC-9203-413CA22598AA}.Debug|x64.ActiveCfg = Debug|x64
		{57383CFE-5207-4CCC-9203-413CA22598AA}.Debug|x64.Build.0 = Debug|x64
		{57383CFE-5207-4CCC-9203-413CA22598AA}.Debug|x86.ActiveCfg = Debug|Win32
		{57383CFE-5207-4CCC-9203-413CA22598AA}.Debug|x86.Build.0 = Debug|Win32
		{57383CFE-5207-4CCC-9203-413CA22598AA}.Release|x64.ActiveCfg = Release|x64
		{57383CFE-5207-4CCC-9203-413CA22598AA}.Release|x64.Build.0 = Release|x64
		{57383CFE-5207-4CCC-9203-413CA22598AA}.Release|x86.ActiveCfg = Release|Win32
		{57383CFE-5207-4CCC-9203-413CA22598AA}.Release|x86.Build.0 = Release|Win32
		{D56CA22C-BE90-4119-984F-266BEA74640D}.Debug|x64.ActiveCfg = Debug|x64
		{D56CA22C-BE90-4119-984F-266BEA74640D}.Debug|x64.Build.0 = Debug|x64
		{D56CA22C-BE90-4119-984F-266BEA74640D}.Debug|x86.ActiveCfg = Debug|Win32
		{D56CA22C-BE90-4119-984F-266BEA74640D}.Debug|x86.Build.0 = Debug|Win32
		{D56CA22C-BE90-4119-984F-266BEA74640D}.Release|x64.ActiveCfg = Release|x64
		{D56CA22C-BE90-4119-984F-266BEA74640D}.Release|x64.Build.0 = Release|x64
		{D56CA22C-BE90-4119-984F-266BEA74640D}.Release|x86.ActiveCfg = Release|Win32
		{D56CA22C-BE90-4119-984F-266BEA74640D}.Release|x86.Build.0 = Release|Win32
		{4923C84F-E658-4F40-805F-FA1FE6CDBCC6}.Debug|x64.ActiveCfg = Debug|x64
		{4923C84F-E658-4F40-805F-FA1FE6CDBCC6}.Debug|x64.Build.0 = Debug|x64
		{4923C84F-E658-4F40-805F-FA1FE6CDBCC6}.Debug|x86.ActiveCfg = Debug|Win32
		{4923C84F-E658-4F40-805F-FA1FE6CDBCC6}.Debug|x86.Build.0 = Debug|Win32
		{4923C84F-E658-4F40-805F-FA1FE6CDBCC6}.Release|x64.ActiveCfg = Release|x64
		{4923C84F-E658-4F40-805F-FA1FE6CDBCC6}.Release|x64.Build.0 = Release|x64
		{4923C84F-E658-4F40-805F-FA1FE6CDBCC6}.Release|x86.ActiveCfg = Release|Win32
		{4923C84F-E658-4F40-805F-FA1FE6CDBCC6}.Release|x86.Build.0 = Release|Win32
	EndGlobalSection
	GlobalSection(SolutionProperties) = preSolution
		HideSolutionNode = FALSE
	EndGlobalSection
	GlobalSection(ExtensibilityGlobals) = postSolution
		SolutionGuid = {47F89BB1-EED3-4D20-A63D-7C999E0F0951}
	EndGlobalSection
EndGlobal
